
Microsoft Visual Studio Solution File, Format Version 12.00
# Visual Studio Version 16
VisualStudioVersion = 16.0.30225.117
MinimumVisualStudioVersion = 10.0.40219.1
Project("{FAE04EC0-301F-11D3-BF4B-00C04F79EFBC}") = "AnotherPacmanMarina", "AnotherPacmanMarina\AnotherPacmanMarina.csproj", "{E0F4C59D-E34F-4B51-9AA2-3B5B029FDE5A}"
EndProject
Global
	GlobalSection(SolutionConfigurationPlatforms) = preSolution
		Debug|Any CPU = Debug|Any CPU
		Release|Any CPU = Release|Any CPU
	EndGlobalSection
	GlobalSection(ProjectConfigurationPlatforms) = postSolution
		{E0F4C59D-E34F-4B51-9AA2-3B5B029FDE5A}.Debug|Any CPU.ActiveCfg = Debug|Any CPU
		{E0F4C59D-E34F-4B51-9AA2-3B5B029FDE5A}.Debug|Any CPU.Build.0 = Debug|Any CPU
		{E0F4C59D-E34F-4B51-9AA2-3B5B029FDE5A}.Release|Any CPU.ActiveCfg = Release|Any CPU
		{E0F4C59D-E34F-4B51-9AA2-3B5B029FDE5A}.Release|Any CPU.Build.0 = Release|Any CPU
	EndGlobalSection
	GlobalSection(SolutionProperties) = preSolution
		HideSolutionNode = FALSE
	EndGlobalSection
	GlobalSection(ExtensibilityGlobals) = postSolution
		SolutionGuid = {6FC35777-4941-4226-BBD8-C7CB46DED9D5}
	EndGlobalSection
EndGlobal
